
Microsoft Visual Studio Solution File, Format Version 12.00
# Visual Studio Version 17
VisualStudioVersion = 17.14.36202.13 d17.14
MinimumVisualStudioVersion = 10.0.40219.1
Project("{FAE04EC0-301F-11D3-BF4B-00C04F79EFBC}") = "Genetic-Algorithm", "Genetic-Algorithm.csproj", "{DF279556-59FB-4614-9B23-725A79706294}"
EndProject
Global
	GlobalSection(SolutionConfigurationPlatforms) = preSolution
		Debug|Any CPU = Debug|Any CPU
		Release|Any CPU = Release|Any CPU
	EndGlobalSection
	GlobalSection(ProjectConfigurationPlatforms) = postSolution
		{DF279556-59FB-4614-9B23-725A79706294}.Debug|Any CPU.ActiveCfg = Debug|Any CPU
		{DF279556-59FB-4614-9B23-725A79706294}.Debug|Any CPU.Build.0 = Debug|Any CPU
		{DF279556-59FB-4614-9B23-725A79706294}.Release|Any CPU.ActiveCfg = Release|Any CPU
		{DF279556-59FB-4614-9B23-725A79706294}.Release|Any CPU.Build.0 = Release|Any CPU
	EndGlobalSection
	GlobalSection(SolutionProperties) = preSolution
		HideSolutionNode = FALSE
	EndGlobalSection
	GlobalSection(ExtensibilityGlobals) = postSolution
		SolutionGuid = {3A5ECF62-78BA-4596-A9E1-3CE92A326868}
	EndGlobalSection
EndGlobal
